{
  "name": "mendysmelody",
  "version": "1.0.0",
  "lockfileVersion": 1,
  "requires": true,
  "dependencies": {
    "evx": {
      "version": "1.1.1",
      "resolved": "https://registry.npmjs.org/evx/-/evx-1.1.1.tgz",
      "integrity": "sha512-EnQY5Auqs7Vw/chNmCq+myBUVneB0EhS4tW3Pce3V0hilPx7YiSQhJUBrjllvscVQfi3oPy7we26zDZSIlmDBA=="
    },
    "picoapp": {
      "version": "3.6.2",
      "resolved": "https://registry.npmjs.org/picoapp/-/picoapp-3.6.2.tgz",
      "integrity": "sha512-T9s2IQIzK/gqyDkmRhDs4XH0VmT/2fIJNcTPgN2onoBr7b01ArbPRVjHyORmFCJj6waxHciMkBQF3ybCeznCFA==",
      "requires": {
        "evx": "^1.1.1"
      }
    }
  }
}
